
Microsoft Visual Studio Solution File, Format Version 12.00
# Visual Studio Version 16
VisualStudioVersion = 16.0.29613.14
MinimumVisualStudioVersion = 10.0.40219.1
Project("{FAE04EC0-301F-11D3-BF4B-00C04F79EFBC}") = "ProtableBrains.Blazor", "ProtableBrains.Blazor\ProtableBrains.Blazor.csproj", "{1F4D6ECA-03D8-4F69-A1AF-B3819205742F}"
EndProject
Global
	GlobalSection(SolutionConfigurationPlatforms) = preSolution
		Debug|Any CPU = Debug|Any CPU
		Release|Any CPU = Release|Any CPU
	EndGlobalSection
	GlobalSection(ProjectConfigurationPlatforms) = postSolution
		{1F4D6ECA-03D8-4F69-A1AF-B3819205742F}.Debug|Any CPU.ActiveCfg = Debug|Any CPU
		{1F4D6ECA-03D8-4F69-A1AF-B3819205742F}.Debug|Any CPU.Build.0 = Debug|Any CPU
		{1F4D6ECA-03D8-4F69-A1AF-B3819205742F}.Release|Any CPU.ActiveCfg = Release|Any CPU
		{1F4D6ECA-03D8-4F69-A1AF-B3819205742F}.Release|Any CPU.Build.0 = Release|Any CPU
	EndGlobalSection
	GlobalSection(SolutionProperties) = preSolution
		HideSolutionNode = FALSE
	EndGlobalSection
	GlobalSection(ExtensibilityGlobals) = postSolution
		SolutionGuid = {49C7B4A6-4F1B-427B-ADA7-721821FC93B5}
	EndGlobalSection
EndGlobal
